
Microsoft Visual Studio Solution File, Format Version 12.00
# Visual Studio 15
VisualStudioVersion = 15.0.28307.1321
MinimumVisualStudioVersion = 10.0.40219.1
Project("{FAE04EC0-301F-11D3-BF4B-00C04F79EFBC}") = "TravelTripProject", "TravelTripProject\TravelTripProject.csproj", "{82629168-6C85-42B6-BD2E-7A1AE4160536}"
EndProject
Global
	GlobalSection(SolutionConfigurationPlatforms) = preSolution
		Debug|Any CPU = Debug|Any CPU
		Release|Any CPU = Release|Any CPU
	EndGlobalSection
	GlobalSection(ProjectConfigurationPlatforms) = postSolution
		{82629168-6C85-42B6-BD2E-7A1AE4160536}.Debug|Any CPU.ActiveCfg = Debug|Any CPU
		{82629168-6C85-42B6-BD2E-7A1AE4160536}.Debug|Any CPU.Build.0 = Debug|Any CPU
		{82629168-6C85-42B6-BD2E-7A1AE4160536}.Release|Any CPU.ActiveCfg = Release|Any CPU
		{82629168-6C85-42B6-BD2E-7A1AE4160536}.Release|Any CPU.Build.0 = Release|Any CPU
	EndGlobalSection
	GlobalSection(SolutionProperties) = preSolution
		HideSolutionNode = FALSE
	EndGlobalSection
	GlobalSection(ExtensibilityGlobals) = postSolution
		SolutionGuid = {38F84CFB-32B6-4476-BDC5-BD62573ADAC1}
	EndGlobalSection
EndGlobal
